// !$*UTF8*$!
{
	archiveVersion = 1;
	classes = {
	};
	objectVersion = 55;
	objects = {

/* Begin PBXBuildFile section */
		E57CF04D2985EA880007CBB3 /* AppDelegate.swift in Sources */ = {isa = PBXBuildFile; fileRef = E57CF04C2985EA880007CBB3 /* AppDelegate.swift */; };
		E57CF04F2985EA880007CBB3 /* SceneDelegate.swift in Sources */ = {isa = PBXBuildFile; fileRef = E57CF04E2985EA880007CBB3 /* SceneDelegate.swift */; };
		E57CF0512985EA880007CBB3 /* HomeViewController.swift in Sources */ = {isa = PBXBuildFile; fileRef = E57CF0502985EA880007CBB3 /* HomeViewController.swift */; };
		E57CF0542985EA880007CBB3 /* Main.storyboard in Resources */ = {isa = PBXBuildFile; fileRef = E57CF0522985EA880007CBB3 /* Main.storyboard */; };
		E57CF0562985EA8A0007CBB3 /* Assets.xcassets in Resources */ = {isa = PBXBuildFile; fileRef = E57CF0552985EA8A0007CBB3 /* Assets.xcassets */; };
		E57CF0592985EA8A0007CBB3 /* LaunchScreen.storyboard in Resources */ = {isa = PBXBuildFile; fileRef = E57CF0572985EA8A0007CBB3 /* LaunchScreen.storyboard */; };
		E57CF0662985EBA40007CBB3 /* ExploreViewController.swift in Sources */ = {isa = PBXBuildFile; fileRef = E57CF0652985EBA40007CBB3 /* ExploreViewController.swift */; };
		E57CF0682985EBB30007CBB3 /* CameraViewController.swift in Sources */ = {isa = PBXBuildFile; fileRef = E57CF0672985EBB30007CBB3 /* CameraViewController.swift */; };
		E57CF06A2985EBCD0007CBB3 /* NotificationsViewController.swift in Sources */ = {isa = PBXBuildFile; fileRef = E57CF0692985EBCD0007CBB3 /* NotificationsViewController.swift */; };
		E57CF06C2985EBDC0007CBB3 /* ProfileViewController.swift in Sources */ = {isa = PBXBuildFile; fileRef = E57CF06B2985EBDC0007CBB3 /* ProfileViewController.swift */; };
		E57CF0712985EC2F0007CBB3 /* LoginViewController.swift in Sources */ = {isa = PBXBuildFile; fileRef = E57CF0702985EC2F0007CBB3 /* LoginViewController.swift */; };
		E57CF0732985EC3E0007CBB3 /* RegistrationViewController.swift in Sources */ = {isa = PBXBuildFile; fileRef = E57CF0722985EC3E0007CBB3 /* RegistrationViewController.swift */; };
		E57CF0752985EC610007CBB3 /* PostViewController.swift in Sources */ = {isa = PBXBuildFile; fileRef = E57CF0742985EC610007CBB3 /* PostViewController.swift */; };
		E57CF0772985EC7A0007CBB3 /* EditProfileViewController.swift in Sources */ = {isa = PBXBuildFile; fileRef = E57CF0762985EC7A0007CBB3 /* EditProfileViewController.swift */; };
		E57CF0792985EC890007CBB3 /* SettingsViewController.swift in Sources */ = {isa = PBXBuildFile; fileRef = E57CF0782985EC890007CBB3 /* SettingsViewController.swift */; };
		E57CF07B2985EC960007CBB3 /* ListViewController.swift in Sources */ = {isa = PBXBuildFile; fileRef = E57CF07A2985EC960007CBB3 /* ListViewController.swift */; };
		E57CF07D2985EC9F0007CBB3 /* SearchViewController.swift in Sources */ = {isa = PBXBuildFile; fileRef = E57CF07C2985EC9F0007CBB3 /* SearchViewController.swift */; };
		E57CF07F2985ECB10007CBB3 /* SearchResultViewController.swift in Sources */ = {isa = PBXBuildFile; fileRef = E57CF07E2985ECB10007CBB3 /* SearchResultViewController.swift */; };
		E57CF0812985ECD10007CBB3 /* PostEditorViewController.swift in Sources */ = {isa = PBXBuildFile; fileRef = E57CF0802985ECD10007CBB3 /* PostEditorViewController.swift */; };
		E57CF0832985ECDF0007CBB3 /* PublishedPostViewController.swift in Sources */ = {isa = PBXBuildFile; fileRef = E57CF0822985ECDF0007CBB3 /* PublishedPostViewController.swift */; };
/* End PBXBuildFile section */

/* Begin PBXFileReference section */
		E57CF0492985EA880007CBB3 /* Instagram.app */ = {isa = PBXFileReference; explicitFileType = wrapper.application; includeInIndex = 0; path = Instagram.app; sourceTree = BUILT_PRODUCTS_DIR; };
		E57CF04C2985EA880007CBB3 /* AppDelegate.swift */ = {isa = PBXFileReference; lastKnownFileType = sourcecode.swift; path = AppDelegate.swift; sourceTree = "<group>"; };
		E57CF04E2985EA880007CBB3 /* SceneDelegate.swift */ = {isa = PBXFileReference; lastKnownFileType = sourcecode.swift; path = SceneDelegate.swift; sourceTree = "<group>"; };
		E57CF0502985EA880007CBB3 /* HomeViewController.swift */ = {isa = PBXFileReference; lastKnownFileType = sourcecode.swift; path = HomeViewController.swift; sourceTree = "<group>"; };
		E57CF0532985EA880007CBB3 /* Base */ = {isa = PBXFileReference; lastKnownFileType = file.storyboard; name = Base; path = Base.lproj/Main.storyboard; sourceTree = "<group>"; };
		E57CF0552985EA8A0007CBB3 /* Assets.xcassets */ = {isa = PBXFileReference; lastKnownFileType = folder.assetcatalog; path = Assets.xcassets; sourceTree = "<group>"; };
		E57CF0582985EA8A0007CBB3 /* Base */ = {isa = PBXFileReference; lastKnownFileType = file.storyboard; name = Base; path = Base.lproj/LaunchScreen.storyboard; sourceTree = "<group>"; };
		E57CF05A2985EA8A0007CBB3 /* Info.plist */ = {isa = PBXFileReference; lastKnownFileType = text.plist.xml; path = Info.plist; sourceTree = "<group>"; };
		E57CF0652985EBA40007CBB3 /* ExploreViewController.swift */ = {isa = PBXFileReference; lastKnownFileType = sourcecode.swift; path = ExploreViewController.swift; sourceTree = "<group>"; };
		E57CF0672985EBB30007CBB3 /* CameraViewController.swift */ = {isa = PBXFileReference; lastKnownFileType = sourcecode.swift; path = CameraViewController.swift; sourceTree = "<group>"; };
		E57CF0692985EBCD0007CBB3 /* NotificationsViewController.swift */ = {isa = PBXFileReference; lastKnownFileType = sourcecode.swift; path = NotificationsViewController.swift; sourceTree = "<group>"; };
		E57CF06B2985EBDC0007CBB3 /* ProfileViewController.swift */ = {isa = PBXFileReference; lastKnownFileType = sourcecode.swift; path = ProfileViewController.swift; sourceTree = "<group>"; };
		E57CF0702985EC2F0007CBB3 /* LoginViewController.swift */ = {isa = PBXFileReference; lastKnownFileType = sourcecode.swift; path = LoginViewController.swift; sourceTree = "<group>"; };
		E57CF0722985EC3E0007CBB3 /* RegistrationViewController.swift */ = {isa = PBXFileReference; lastKnownFileType = sourcecode.swift; path = RegistrationViewController.swift; sourceTree = "<group>"; };
		E57CF0742985EC610007CBB3 /* PostViewController.swift */ = {isa = PBXFileReference; lastKnownFileType = sourcecode.swift; path = PostViewController.swift; sourceTree = "<group>"; };
		E57CF0762985EC7A0007CBB3 /* EditProfileViewController.swift */ = {isa = PBXFileReference; lastKnownFileType = sourcecode.swift; path = EditProfileViewController.swift; sourceTree = "<group>"; };
		E57CF0782985EC890007CBB3 /* SettingsViewController.swift */ = {isa = PBXFileReference; lastKnownFileType = sourcecode.swift; path = SettingsViewController.swift; sourceTree = "<group>"; };
		E57CF07A2985EC960007CBB3 /* ListViewController.swift */ = {isa = PBXFileReference; lastKnownFileType = sourcecode.swift; path = ListViewController.swift; sourceTree = "<group>"; };
		E57CF07C2985EC9F0007CBB3 /* SearchViewController.swift */ = {isa = PBXFileReference; lastKnownFileType = sourcecode.swift; path = SearchViewController.swift; sourceTree = "<group>"; };
		E57CF07E2985ECB10007CBB3 /* SearchResultViewController.swift */ = {isa = PBXFileReference; lastKnownFileType = sourcecode.swift; path = SearchResultViewController.swift; sourceTree = "<group>"; };
		E57CF0802985ECD10007CBB3 /* PostEditorViewController.swift */ = {isa = PBXFileReference; lastKnownFileType = sourcecode.swift; path = PostEditorViewController.swift; sourceTree = "<group>"; };
		E57CF0822985ECDF0007CBB3 /* PublishedPostViewController.swift */ = {isa = PBXFileReference; lastKnownFileType = sourcecode.swift; path = PublishedPostViewController.swift; sourceTree = "<group>"; };
/* End PBXFileReference section */

/* Begin PBXFrameworksBuildPhase section */
		E57CF0462985EA880007CBB3 /* Frameworks */ = {
			isa = PBXFrameworksBuildPhase;
			buildActionMask = 2147483647;
			files = (
			);
			runOnlyForDeploymentPostprocessing = 0;
		};
/* End PBXFrameworksBuildPhase section */

/* Begin PBXGroup section */
		E57CF0402985EA880007CBB3 = {
			isa = PBXGroup;
			children = (
				E57CF04B2985EA880007CBB3 /* Instagram */,
				E57CF04A2985EA880007CBB3 /* Products */,
			);
			sourceTree = "<group>";
		};
		E57CF04A2985EA880007CBB3 /* Products */ = {
			isa = PBXGroup;
			children = (
				E57CF0492985EA880007CBB3 /* Instagram.app */,
			);
			name = Products;
			sourceTree = "<group>";
		};
		E57CF04B2985EA880007CBB3 /* Instagram */ = {
			isa = PBXGroup;
			children = (
				E57CF0632985EADF0007CBB3 /* Resources */,
				E57CF0622985EADA0007CBB3 /* Models */,
				E57CF0612985EAD40007CBB3 /* Views */,
				E57CF0602985EACC0007CBB3 /* Controllers */,
				E57CF0552985EA8A0007CBB3 /* Assets.xcassets */,
				E57CF05A2985EA8A0007CBB3 /* Info.plist */,
			);
			path = Instagram;
			sourceTree = "<group>";
		};
		E57CF0602985EACC0007CBB3 /* Controllers */ = {
			isa = PBXGroup;
			children = (
				E57CF06E2985EC130007CBB3 /* Other */,
				E57CF06D2985EBE10007CBB3 /* Core Tabs */,
			);
			path = Controllers;
			sourceTree = "<group>";
		};
		E57CF0612985EAD40007CBB3 /* Views */ = {
			isa = PBXGroup;
			children = (
				E57CF0642985EB120007CBB3 /* Storyboards */,
			);
			path = Views;
			sourceTree = "<group>";
		};
		E57CF0622985EADA0007CBB3 /* Models */ = {
			isa = PBXGroup;
			children = (
			);
			path = Models;
			sourceTree = "<group>";
		};
		E57CF0632985EADF0007CBB3 /* Resources */ = {
			isa = PBXGroup;
			children = (
				E57CF04C2985EA880007CBB3 /* AppDelegate.swift */,
				E57CF04E2985EA880007CBB3 /* SceneDelegate.swift */,
			);
			path = Resources;
			sourceTree = "<group>";
		};
		E57CF0642985EB120007CBB3 /* Storyboards */ = {
			isa = PBXGroup;
			children = (
				E57CF0522985EA880007CBB3 /* Main.storyboard */,
				E57CF0572985EA8A0007CBB3 /* LaunchScreen.storyboard */,
			);
			path = Storyboards;
			sourceTree = "<group>";
		};
		E57CF06D2985EBE10007CBB3 /* Core Tabs */ = {
			isa = PBXGroup;
			children = (
				E57CF0502985EA880007CBB3 /* HomeViewController.swift */,
				E57CF0652985EBA40007CBB3 /* ExploreViewController.swift */,
				E57CF0672985EBB30007CBB3 /* CameraViewController.swift */,
				E57CF0692985EBCD0007CBB3 /* NotificationsViewController.swift */,
				E57CF06B2985EBDC0007CBB3 /* ProfileViewController.swift */,
			);
			path = "Core Tabs";
			sourceTree = "<group>";
		};
		E57CF06E2985EC130007CBB3 /* Other */ = {
			isa = PBXGroup;
			children = (
				E57CF06F2985EC190007CBB3 /* Onboarding */,
				E57CF0742985EC610007CBB3 /* PostViewController.swift */,
				E57CF0762985EC7A0007CBB3 /* EditProfileViewController.swift */,
				E57CF0782985EC890007CBB3 /* SettingsViewController.swift */,
				E57CF07A2985EC960007CBB3 /* ListViewController.swift */,
				E57CF07C2985EC9F0007CBB3 /* SearchViewController.swift */,
				E57CF07E2985ECB10007CBB3 /* SearchResultViewController.swift */,
				E57CF0802985ECD10007CBB3 /* PostEditorViewController.swift */,
				E57CF0822985ECDF0007CBB3 /* PublishedPostViewController.swift */,
			);
			path = Other;
			sourceTree = "<group>";
		};
		E57CF06F2985EC190007CBB3 /* Onboarding */ = {
			isa = PBXGroup;
			children = (
				E57CF0702985EC2F0007CBB3 /* LoginViewController.swift */,
				E57CF0722985EC3E0007CBB3 /* RegistrationViewController.swift */,
			);
			path = Onboarding;
			sourceTree = "<group>";
		};
/* End PBXGroup section */

/* Begin PBXNativeTarget section */
		E57CF0482985EA880007CBB3 /* Instagram */ = {
			isa = PBXNativeTarget;
			buildConfigurationList = E57CF05D2985EA8A0007CBB3 /* Build configuration list for PBXNativeTarget "Instagram" */;
			buildPhases = (
				E57CF0452985EA880007CBB3 /* Sources */,
				E57CF0462985EA880007CBB3 /* Frameworks */,
				E57CF0472985EA880007CBB3 /* Resources */,
			);
			buildRules = (
			);
			dependencies = (
			);
			name = Instagram;
			productName = Instagram;
			productReference = E57CF0492985EA880007CBB3 /* Instagram.app */;
			productType = "com.apple.product-type.application";
		};
/* End PBXNativeTarget section */

/* Begin PBXProject section */
		E57CF0412985EA880007CBB3 /* Project object */ = {
			isa = PBXProject;
			attributes = {
				BuildIndependentTargetsInParallel = 1;
				LastSwiftUpdateCheck = 1420;
				LastUpgradeCheck = 1420;
				TargetAttributes = {
					E57CF0482985EA880007CBB3 = {
						CreatedOnToolsVersion = 14.2;
					};
				};
			};
			buildConfigurationList = E57CF0442985EA880007CBB3 /* Build configuration list for PBXProject "Instagram" */;
			compatibilityVersion = "Xcode 13.0";
			developmentRegion = en;
			hasScannedForEncodings = 0;
			knownRegions = (
				en,
				Base,
			);
			mainGroup = E57CF0402985EA880007CBB3;
			productRefGroup = E57CF04A2985EA880007CBB3 /* Products */;
			projectDirPath = "";
			projectRoot = "";
			targets = (
				E57CF0482985EA880007CBB3 /* Instagram */,
			);
		};
/* End PBXProject section */

/* Begin PBXResourcesBuildPhase section */
		E57CF0472985EA880007CBB3 /* Resources */ = {
			isa = PBXResourcesBuildPhase;
			buildActionMask = 2147483647;
			files = (
				E57CF0592985EA8A0007CBB3 /* LaunchScreen.storyboard in Resources */,
				E57CF0562985EA8A0007CBB3 /* Assets.xcassets in Resources */,
				E57CF0542985EA880007CBB3 /* Main.storyboard in Resources */,
			);
			runOnlyForDeploymentPostprocessing = 0;
		};
/* End PBXResourcesBuildPhase section */

/* Begin PBXSourcesBuildPhase section */
		E57CF0452985EA880007CBB3 /* Sources */ = {
			isa = PBXSourcesBuildPhase;
			buildActionMask = 2147483647;
			files = (
				E57CF0772985EC7A0007CBB3 /* EditProfileViewController.swift in Sources */,
				E57CF0662985EBA40007CBB3 /* ExploreViewController.swift in Sources */,
				E57CF0682985EBB30007CBB3 /* CameraViewController.swift in Sources */,
				E57CF0512985EA880007CBB3 /* HomeViewController.swift in Sources */,
				E57CF0732985EC3E0007CBB3 /* RegistrationViewController.swift in Sources */,
				E57CF0812985ECD10007CBB3 /* PostEditorViewController.swift in Sources */,
				E57CF0752985EC610007CBB3 /* PostViewController.swift in Sources */,
				E57CF06A2985EBCD0007CBB3 /* NotificationsViewController.swift in Sources */,
				E57CF07F2985ECB10007CBB3 /* SearchResultViewController.swift in Sources */,
				E57CF0712985EC2F0007CBB3 /* LoginViewController.swift in Sources */,
				E57CF07D2985EC9F0007CBB3 /* SearchViewController.swift in Sources */,
				E57CF06C2985EBDC0007CBB3 /* ProfileViewController.swift in Sources */,
				E57CF04D2985EA880007CBB3 /* AppDelegate.swift in Sources */,
				E57CF04F2985EA880007CBB3 /* SceneDelegate.swift in Sources */,
				E57CF0832985ECDF0007CBB3 /* PublishedPostViewController.swift in Sources */,
				E57CF07B2985EC960007CBB3 /* ListViewController.swift in Sources */,
				E57CF0792985EC890007CBB3 /* SettingsViewController.swift in Sources */,
			);
			runOnlyForDeploymentPostprocessing = 0;
		};
/* End PBXSourcesBuildPhase section */

/* Begin PBXVariantGroup section */
		E57CF0522985EA880007CBB3 /* Main.storyboard */ = {
			isa = PBXVariantGroup;
			children = (
				E57CF0532985EA880007CBB3 /* Base */,
			);
			name = Main.storyboard;
			sourceTree = "<group>";
		};
		E57CF0572985EA8A0007CBB3 /* LaunchScreen.storyboard */ = {
			isa = PBXVariantGroup;
			children = (
				E57CF0582985EA8A0007CBB3 /* Base */,
			);
			name = LaunchScreen.storyboard;
			sourceTree = "<group>";
		};
/* End PBXVariantGroup section */

/* Begin XCBuildConfiguration section */
		E57CF05B2985EA8A0007CBB3 /* Debug */ = {
			isa = XCBuildConfiguration;
			buildSettings = {
				ALWAYS_SEARCH_USER_PATHS = NO;
				CLANG_ANALYZER_NONNULL = YES;
				CLANG_ANALYZER_NUMBER_OBJECT_CONVERSION = YES_AGGRESSIVE;
				CLANG_CXX_LANGUAGE_STANDARD = "gnu++20";
				CLANG_ENABLE_MODULES = YES;
				CLANG_ENABLE_OBJC_ARC = YES;
				CLANG_ENABLE_OBJC_WEAK = YES;
				CLANG_WARN_BLOCK_CAPTURE_AUTORELEASING = YES;
				CLANG_WARN_BOOL_CONVERSION = YES;
				CLANG_WARN_COMMA = YES;
				CLANG_WARN_CONSTANT_CONVERSION = YES;
				CLANG_WARN_DEPRECATED_OBJC_IMPLEMENTATIONS = YES;
				CLANG_WARN_DIRECT_OBJC_ISA_USAGE = YES_ERROR;
				CLANG_WARN_DOCUMENTATION_COMMENTS = YES;
				CLANG_WARN_EMPTY_BODY = YES;
				CLANG_WARN_ENUM_CONVERSION = YES;
				CLANG_WARN_INFINITE_RECURSION = YES;
				CLANG_WARN_INT_CONVERSION = YES;
				CLANG_WARN_NON_LITERAL_NULL_CONVERSION = YES;
				CLANG_WARN_OBJC_IMPLICIT_RETAIN_SELF = YES;
				CLANG_WARN_OBJC_LITERAL_CONVERSION = YES;
				CLANG_WARN_OBJC_ROOT_CLASS = YES_ERROR;
				CLANG_WARN_QUOTED_INCLUDE_IN_FRAMEWORK_HEADER = YES;
				CLANG_WARN_RANGE_LOOP_ANALYSIS = YES;
				CLANG_WARN_STRICT_PROTOTYPES = YES;
				CLANG_WARN_SUSPICIOUS_MOVE = YES;
				CLANG_WARN_UNGUARDED_AVAILABILITY = YES_AGGRESSIVE;
				CLANG_WARN_UNREACHABLE_CODE = YES;
				CLANG_WARN__DUPLICATE_METHOD_MATCH = YES;
				COPY_PHASE_STRIP = NO;
				DEBUG_INFORMATION_FORMAT = dwarf;
				ENABLE_STRICT_OBJC_MSGSEND = YES;
				ENABLE_TESTABILITY = YES;
				GCC_C_LANGUAGE_STANDARD = gnu11;
				GCC_DYNAMIC_NO_PIC = NO;
				GCC_NO_COMMON_BLOCKS = YES;
				GCC_OPTIMIZATION_LEVEL = 0;
				GCC_PREPROCESSOR_DEFINITIONS = (
					"DEBUG=1",
					"$(inherited)",
				);
				GCC_WARN_64_TO_32_BIT_CONVERSION = YES;
				GCC_WARN_ABOUT_RETURN_TYPE = YES_ERROR;
				GCC_WARN_UNDECLARED_SELECTOR = YES;
				GCC_WARN_UNINITIALIZED_AUTOS = YES_AGGRESSIVE;
				GCC_WARN_UNUSED_FUNCTION = YES;
				GCC_WARN_UNUSED_VARIABLE = YES;
				IPHONEOS_DEPLOYMENT_TARGET = 16.2;
				MTL_ENABLE_DEBUG_INFO = INCLUDE_SOURCE;
				MTL_FAST_MATH = YES;
				ONLY_ACTIVE_ARCH = YES;
				SDKROOT = iphoneos;
				SWIFT_ACTIVE_COMPILATION_CONDITIONS = DEBUG;
				SWIFT_OPTIMIZATION_LEVEL = "-Onone";
			};
			name = Debug;
		};
		E57CF05C2985EA8A0007CBB3 /* Release */ = {
			isa = XCBuildConfiguration;
			buildSettings = {
				ALWAYS_SEARCH_USER_PATHS = NO;
				CLANG_ANALYZER_NONNULL = YES;
				CLANG_ANALYZER_NUMBER_OBJECT_CONVERSION = YES_AGGRESSIVE;
				CLANG_CXX_LANGUAGE_STANDARD = "gnu++20";
				CLANG_ENABLE_MODULES = YES;
				CLANG_ENABLE_OBJC_ARC = YES;
				CLANG_ENABLE_OBJC_WEAK = YES;
				CLANG_WARN_BLOCK_CAPTURE_AUTORELEASING = YES;
				CLANG_WARN_BOOL_CONVERSION = YES;
				CLANG_WARN_COMMA = YES;
				CLANG_WARN_CONSTANT_CONVERSION = YES;
				CLANG_WARN_DEPRECATED_OBJC_IMPLEMENTATIONS = YES;
				CLANG_WARN_DIRECT_OBJC_ISA_USAGE = YES_ERROR;
				CLANG_WARN_DOCUMENTATION_COMMENTS = YES;
				CLANG_WARN_EMPTY_BODY = YES;
				CLANG_WARN_ENUM_CONVERSION = YES;
				CLANG_WARN_INFINITE_RECURSION = YES;
				CLANG_WARN_INT_CONVERSION = YES;
				CLANG_WARN_NON_LITERAL_NULL_CONVERSION = YES;
				CLANG_WARN_OBJC_IMPLICIT_RETAIN_SELF = YES;
				CLANG_WARN_OBJC_LITERAL_CONVERSION = YES;
				CLANG_WARN_OBJC_ROOT_CLASS = YES_ERROR;
				CLANG_WARN_QUOTED_INCLUDE_IN_FRAMEWORK_HEADER = YES;
				CLANG_WARN_RANGE_LOOP_ANALYSIS = YES;
				CLANG_WARN_STRICT_PROTOTYPES = YES;
				CLANG_WARN_SUSPICIOUS_MOVE = YES;
				CLANG_WARN_UNGUARDED_AVAILABILITY = YES_AGGRESSIVE;
				CLANG_WARN_UNREACHABLE_CODE = YES;
				CLANG_WARN__DUPLICATE_METHOD_MATCH = YES;
				COPY_PHASE_STRIP = NO;
				DEBUG_INFORMATION_FORMAT = "dwarf-with-dsym";
				ENABLE_NS_ASSERTIONS = NO;
				ENABLE_STRICT_OBJC_MSGSEND = YES;
				GCC_C_LANGUAGE_STANDARD = gnu11;
				GCC_NO_COMMON_BLOCKS = YES;
				GCC_WARN_64_TO_32_BIT_CONVERSION = YES;
				GCC_WARN_ABOUT_RETURN_TYPE = YES_ERROR;
				GCC_WARN_UNDECLARED_SELECTOR = YES;
				GCC_WARN_UNINITIALIZED_AUTOS = YES_AGGRESSIVE;
				GCC_WARN_UNUSED_FUNCTION = YES;
				GCC_WARN_UNUSED_VARIABLE = YES;
				IPHONEOS_DEPLOYMENT_TARGET = 16.2;
				MTL_ENABLE_DEBUG_INFO = NO;
				MTL_FAST_MATH = YES;
				SDKROOT = iphoneos;
				SWIFT_COMPILATION_MODE = wholemodule;
				SWIFT_OPTIMIZATION_LEVEL = "-O";
				VALIDATE_PRODUCT = YES;
			};
			name = Release;
		};
		E57CF05E2985EA8A0007CBB3 /* Debug */ = {
			isa = XCBuildConfiguration;
			buildSettings = {
				ASSETCATALOG_COMPILER_APPICON_NAME = AppIcon;
				ASSETCATALOG_COMPILER_GLOBAL_ACCENT_COLOR_NAME = AccentColor;
				CODE_SIGN_STYLE = Automatic;
				CURRENT_PROJECT_VERSION = 1;
				DEVELOPMENT_TEAM = 7GAPHZUWX5;
				GENERATE_INFOPLIST_FILE = YES;
				INFOPLIST_FILE = Instagram/Info.plist;
				INFOPLIST_KEY_UIApplicationSupportsIndirectInputEvents = YES;
				INFOPLIST_KEY_UILaunchStoryboardName = LaunchScreen;
				INFOPLIST_KEY_UIMainStoryboardFile = Main;
				INFOPLIST_KEY_UISupportedInterfaceOrientations_iPad = "UIInterfaceOrientationPortrait UIInterfaceOrientationPortraitUpsideDown UIInterfaceOrientationLandscapeLeft UIInterfaceOrientationLandscapeRight";
				INFOPLIST_KEY_UISupportedInterfaceOrientations_iPhone = "UIInterfaceOrientationPortrait UIInterfaceOrientationLandscapeLeft UIInterfaceOrientationLandscapeRight";
				LD_RUNPATH_SEARCH_PATHS = (
					"$(inherited)",
					"@executable_path/Frameworks",
				);
				MARKETING_VERSION = 1.0;
				PRODUCT_BUNDLE_IDENTIFIER = "Sai-Jannali.Instagram";
				PRODUCT_NAME = "$(TARGET_NAME)";
				SWIFT_EMIT_LOC_STRINGS = YES;
				SWIFT_VERSION = 5.0;
				TARGETED_DEVICE_FAMILY = "1,2";
			};
			name = Debug;
		};
		E57CF05F2985EA8A0007CBB3 /* Release */ = {
			isa = XCBuildConfiguration;
			buildSettings = {
				ASSETCATALOG_COMPILER_APPICON_NAME = AppIcon;
				ASSETCATALOG_COMPILER_GLOBAL_ACCENT_COLOR_NAME = AccentColor;
				CODE_SIGN_STYLE = Automatic;
				CURRENT_PROJECT_VERSION = 1;
				DEVELOPMENT_TEAM = 7GAPHZUWX5;
				GENERATE_INFOPLIST_FILE = YES;
				INFOPLIST_FILE = Instagram/Info.plist;
				INFOPLIST_KEY_UIApplicationSupportsIndirectInputEvents = YES;
				INFOPLIST_KEY_UILaunchStoryboardName = LaunchScreen;
				INFOPLIST_KEY_UIMainStoryboardFile = Main;
				INFOPLIST_KEY_UISupportedInterfaceOrientations_iPad = "UIInterfaceOrientationPortrait UIInterfaceOrientationPortraitUpsideDown UIInterfaceOrientationLandscapeLeft UIInterfaceOrientationLandscapeRight";
				INFOPLIST_KEY_UISupportedInterfaceOrientations_iPhone = "UIInterfaceOrientationPortrait UIInterfaceOrientationLandscapeLeft UIInterfaceOrientationLandscapeRight";
				LD_RUNPATH_SEARCH_PATHS = (
					"$(inherited)",
					"@executable_path/Frameworks",
				);
				MARKETING_VERSION = 1.0;
				PRODUCT_BUNDLE_IDENTIFIER = "Sai-Jannali.Instagram";
				PRODUCT_NAME = "$(TARGET_NAME)";
				SWIFT_EMIT_LOC_STRINGS = YES;
				SWIFT_VERSION = 5.0;
				TARGETED_DEVICE_FAMILY = "1,2";
			};
			name = Release;
		};
/* End XCBuildConfiguration section */

/* Begin XCConfigurationList section */
		E57CF0442985EA880007CBB3 /* Build configuration list for PBXProject "Instagram" */ = {
			isa = XCConfigurationList;
			buildConfigurations = (
				E57CF05B2985EA8A0007CBB3 /* Debug */,
				E57CF05C2985EA8A0007CBB3 /* Release */,
			);
			defaultConfigurationIsVisible = 0;
			defaultConfigurationName = Release;
		};
		E57CF05D2985EA8A0007CBB3 /* Build configuration list for PBXNativeTarget "Instagram" */ = {
			isa = XCConfigurationList;
			buildConfigurations = (
				E57CF05E2985EA8A0007CBB3 /* Debug */,
				E57CF05F2985EA8A0007CBB3 /* Release */,
			);
			defaultConfigurationIsVisible = 0;
			defaultConfigurationName = Release;
		};
/* End XCConfigurationList section */
	};
	rootObject = E57CF0412985EA880007CBB3 /* Project object */;
}
